// !$*UTF8*$!
{
	archiveVersion = 1;
	classes = {
	};
	objectVersion = 46;
	objects = {

/* Begin PBXBuildFile section */
		D64950881D42754D00BC92DB /* JCGLKVertexAttribArrayBuffer.m in Sources */ = {isa = PBXBuildFile; fileRef = D64950871D42754D00BC92DB /* JCGLKVertexAttribArrayBuffer.m */; };
		D6F759321D409DCF006C4BF4 /* main.m in Sources */ = {isa = PBXBuildFile; fileRef = D6F759311D409DCF006C4BF4 /* main.m */; };
		D6F759351D409DCF006C4BF4 /* AppDelegate.m in Sources */ = {isa = PBXBuildFile; fileRef = D6F759341D409DCF006C4BF4 /* AppDelegate.m */; };
		D6F7593D1D409DD0006C4BF4 /* Assets.xcassets in Resources */ = {isa = PBXBuildFile; fileRef = D6F7593C1D409DD0006C4BF4 /* Assets.xcassets */; };
		D6F759401D409DD0006C4BF4 /* LaunchScreen.storyboard in Resources */ = {isa = PBXBuildFile; fileRef = D6F7593E1D409DD0006C4BF4 /* LaunchScreen.storyboard */; };
		D6F7594B1D409E29006C4BF4 /* JCViewController.m in Sources */ = {isa = PBXBuildFile; fileRef = D6F7594A1D409E29006C4BF4 /* JCViewController.m */; };
/* End PBXBuildFile section */

/* Begin PBXFileReference section */
		D64950861D42754D00BC92DB /* JCGLKVertexAttribArrayBuffer.h */ = {isa = PBXFileReference; fileEncoding = 4; lastKnownFileType = sourcecode.c.h; path = JCGLKVertexAttribArrayBuffer.h; sourceTree = "<group>"; };
		D64950871D42754D00BC92DB /* JCGLKVertexAttribArrayBuffer.m */ = {isa = PBXFileReference; fileEncoding = 4; lastKnownFileType = sourcecode.c.objc; path = JCGLKVertexAttribArrayBuffer.m; sourceTree = "<group>"; };
		D6F7592D1D409DCF006C4BF4 /* OpenGL-ES-02.app */ = {isa = PBXFileReference; explicitFileType = wrapper.application; includeInIndex = 0; path = "OpenGL-ES-02.app"; sourceTree = BUILT_PRODUCTS_DIR; };
		D6F759311D409DCF006C4BF4 /* main.m */ = {isa = PBXFileReference; lastKnownFileType = sourcecode.c.objc; path = main.m; sourceTree = "<group>"; };
		D6F759331D409DCF006C4BF4 /* AppDelegate.h */ = {isa = PBXFileReference; lastKnownFileType = sourcecode.c.h; path = AppDelegate.h; sourceTree = "<group>"; };
		D6F759341D409DCF006C4BF4 /* AppDelegate.m */ = {isa = PBXFileReference; lastKnownFileType = sourcecode.c.objc; path = AppDelegate.m; sourceTree = "<group>"; };
		D6F7593C1D409DD0006C4BF4 /* Assets.xcassets */ = {isa = PBXFileReference; lastKnownFileType = folder.assetcatalog; path = Assets.xcassets; sourceTree = "<group>"; };
		D6F7593F1D409DD0006C4BF4 /* Base */ = {isa = PBXFileReference; lastKnownFileType = file.storyboard; name = Base; path = Base.lproj/LaunchScreen.storyboard; sourceTree = "<group>"; };
		D6F759411D409DD0006C4BF4 /* Info.plist */ = {isa = PBXFileReference; lastKnownFileType = text.plist.xml; path = Info.plist; sourceTree = "<group>"; };
		D6F759491D409E29006C4BF4 /* JCViewController.h */ = {isa = PBXFileReference; fileEncoding = 4; lastKnownFileType = sourcecode.c.h; path = JCViewController.h; sourceTree = "<group>"; };
		D6F7594A1D409E29006C4BF4 /* JCViewController.m */ = {isa = PBXFileReference; fileEncoding = 4; lastKnownFileType = sourcecode.c.objc; path = JCViewController.m; sourceTree = "<group>"; };
/* End PBXFileReference section */

/* Begin PBXFrameworksBuildPhase section */
		D6F7592A1D409DCF006C4BF4 /* Frameworks */ = {
			isa = PBXFrameworksBuildPhase;
			buildActionMask = 2147483647;
			files = (
			);
			runOnlyForDeploymentPostprocessing = 0;
		};
/* End PBXFrameworksBuildPhase section */

/* Begin PBXGroup section */
		D6F759241D409DCF006C4BF4 = {
			isa = PBXGroup;
			children = (
				D6F7592F1D409DCF006C4BF4 /* OpenGL-ES-02 */,
				D6F7592E1D409DCF006C4BF4 /* Products */,
			);
			sourceTree = "<group>";
		};
		D6F7592E1D409DCF006C4BF4 /* Products */ = {
			isa = PBXGroup;
			children = (
				D6F7592D1D409DCF006C4BF4 /* OpenGL-ES-02.app */,
			);
			name = Products;
			sourceTree = "<group>";
		};
		D6F7592F1D409DCF006C4BF4 /* OpenGL-ES-02 */ = {
			isa = PBXGroup;
			children = (
				D6F759471D409DE8006C4BF4 /* Application */,
				D6F759481D409DFB006C4BF4 /* Class */,
				D6F759301D409DCF006C4BF4 /* Supporting Files */,
			);
			path = "OpenGL-ES-02";
			sourceTree = "<group>";
		};
		D6F759301D409DCF006C4BF4 /* Supporting Files */ = {
			isa = PBXGroup;
			children = (
				D6F7593C1D409DD0006C4BF4 /* Assets.xcassets */,
				D6F7593E1D409DD0006C4BF4 /* LaunchScreen.storyboard */,
				D6F759411D409DD0006C4BF4 /* Info.plist */,
			);
			name = "Supporting Files";
			sourceTree = "<group>";
		};
		D6F759471D409DE8006C4BF4 /* Application */ = {
			isa = PBXGroup;
			children = (
				D6F759331D409DCF006C4BF4 /* AppDelegate.h */,
				D6F759341D409DCF006C4BF4 /* AppDelegate.m */,
				D6F759311D409DCF006C4BF4 /* main.m */,
			);
			name = Application;
			sourceTree = "<group>";
		};
		D6F759481D409DFB006C4BF4 /* Class */ = {
			isa = PBXGroup;
			children = (
				D6F759491D409E29006C4BF4 /* JCViewController.h */,
				D6F7594A1D409E29006C4BF4 /* JCViewController.m */,
				D64950861D42754D00BC92DB /* JCGLKVertexAttribArrayBuffer.h */,
				D64950871D42754D00BC92DB /* JCGLKVertexAttribArrayBuffer.m */,
			);
			name = Class;
			sourceTree = "<group>";
		};
/* End PBXGroup section */

/* Begin PBXNativeTarget section */
		D6F7592C1D409DCF006C4BF4 /* OpenGL-ES-02 */ = {
			isa = PBXNativeTarget;
			buildConfigurationList = D6F759441D409DD0006C4BF4 /* Build configuration list for PBXNativeTarget "OpenGL-ES-02" */;
			buildPhases = (
				D6F759291D409DCF006C4BF4 /* Sources */,
				D6F7592A1D409DCF006C4BF4 /* Frameworks */,
				D6F7592B1D409DCF006C4BF4 /* Resources */,
			);
			buildRules = (
			);
			dependencies = (
			);
			name = "OpenGL-ES-02";
			productName = "OpenGL-ES-02";
			productReference = D6F7592D1D409DCF006C4BF4 /* OpenGL-ES-02.app */;
			productType = "com.apple.product-type.application";
		};
/* End PBXNativeTarget section */

/* Begin PBXProject section */
		D6F759251D409DCF006C4BF4 /* Project object */ = {
			isa = PBXProject;
			attributes = {
				CLASSPREFIX = JC;
				LastUpgradeCheck = 0730;
				ORGANIZATIONNAME = "JC‘Chan";
				TargetAttributes = {
					D6F7592C1D409DCF006C4BF4 = {
						CreatedOnToolsVersion = 7.3.1;
						DevelopmentTeam = 26739ZC4WY;
					};
				};
			};
			buildConfigurationList = D6F759281D409DCF006C4BF4 /* Build configuration list for PBXProject "OpenGL-ES-02" */;
			compatibilityVersion = "Xcode 3.2";
			developmentRegion = English;
			hasScannedForEncodings = 0;
			knownRegions = (
				en,
				Base,
			);
			mainGroup = D6F759241D409DCF006C4BF4;
			productRefGroup = D6F7592E1D409DCF006C4BF4 /* Products */;
			projectDirPath = "";
			projectRoot = "";
			targets = (
				D6F7592C1D409DCF006C4BF4 /* OpenGL-ES-02 */,
			);
		};
/* End PBXProject section */

/* Begin PBXResourcesBuildPhase section */
		D6F7592B1D409DCF006C4BF4 /* Resources */ = {
			isa = PBXResourcesBuildPhase;
			buildActionMask = 2147483647;
			files = (
				D6F759401D409DD0006C4BF4 /* LaunchScreen.storyboard in Resources */,
				D6F7593D1D409DD0006C4BF4 /* Assets.xcassets in Resources */,
			);
			runOnlyForDeploymentPostprocessing = 0;
		};
/* End PBXResourcesBuildPhase section */

/* Begin PBXSourcesBuildPhase section */
		D6F759291D409DCF006C4BF4 /* Sources */ = {
			isa = PBXSourcesBuildPhase;
			buildActionMask = 2147483647;
			files = (
				D6F759351D409DCF006C4BF4 /* AppDelegate.m in Sources */,
				D64950881D42754D00BC92DB /* JCGLKVertexAttribArrayBuffer.m in Sources */,
				D6F7594B1D409E29006C4BF4 /* JCViewController.m in Sources */,
				D6F759321D409DCF006C4BF4 /* main.m in Sources */,
			);
			runOnlyForDeploymentPostprocessing = 0;
		};
/* End PBXSourcesBuildPhase section */

/* Begin PBXVariantGroup section */
		D6F7593E1D409DD0006C4BF4 /* LaunchScreen.storyboard */ = {
			isa = PBXVariantGroup;
			children = (
				D6F7593F1D409DD0006C4BF4 /* Base */,
			);
			name = LaunchScreen.storyboard;
			sourceTree = "<group>";
		};
/* End PBXVariantGroup section */

/* Begin XCBuildConfiguration section */
		D6F759421D409DD0006C4BF4 /* Debug */ = {
			isa = XCBuildConfiguration;
			buildSettings = {
				ALWAYS_SEARCH_USER_PATHS = NO;
				CLANG_ANALYZER_NONNULL = YES;
				CLANG_CXX_LANGUAGE_STANDARD = "gnu++0x";
				CLANG_CXX_LIBRARY = "libc++";
				CLANG_ENABLE_MODULES = YES;
				CLANG_ENABLE_OBJC_ARC = YES;
				CLANG_WARN_BOOL_CONVERSION = YES;
				CLANG_WARN_CONSTANT_CONVERSION = YES;
				CLANG_WARN_DIRECT_OBJC_ISA_USAGE = YES_ERROR;
				CLANG_WARN_EMPTY_BODY = YES;
				CLANG_WARN_ENUM_CONVERSION = YES;
				CLANG_WARN_INT_CONVERSION = YES;
				CLANG_WARN_OBJC_ROOT_CLASS = YES_ERROR;
				CLANG_WARN_UNREACHABLE_CODE = YES;
				CLANG_WARN__DUPLICATE_METHOD_MATCH = YES;
				"CODE_SIGN_IDENTITY[sdk=iphoneos*]" = "iPhone Developer";
				COPY_PHASE_STRIP = NO;
				DEBUG_INFORMATION_FORMAT = dwarf;
				ENABLE_STRICT_OBJC_MSGSEND = YES;
				ENABLE_TESTABILITY = YES;
				GCC_C_LANGUAGE_STANDARD = gnu99;
				GCC_DYNAMIC_NO_PIC = NO;
				GCC_NO_COMMON_BLOCKS = YES;
				GCC_OPTIMIZATION_LEVEL = 0;
				GCC_PREPROCESSOR_DEFINITIONS = (
					"DEBUG=1",
					"$(inherited)",
				);
				GCC_WARN_64_TO_32_BIT_CONVERSION = YES;
				GCC_WARN_ABOUT_RETURN_TYPE = YES_ERROR;
				GCC_WARN_UNDECLARED_SELECTOR = YES;
				GCC_WARN_UNINITIALIZED_AUTOS = YES_AGGRESSIVE;
				GCC_WARN_UNUSED_FUNCTION = YES;
				GCC_WARN_UNUSED_VARIABLE = YES;
				IPHONEOS_DEPLOYMENT_TARGET = 9.3;
				MTL_ENABLE_DEBUG_INFO = YES;
				ONLY_ACTIVE_ARCH = YES;
				SDKROOT = iphoneos;
			};
			name = Debug;
		};
		D6F759431D409DD0006C4BF4 /* Release */ = {
			isa = XCBuildConfiguration;
			buildSettings = {
				ALWAYS_SEARCH_USER_PATHS = NO;
				CLANG_ANALYZER_NONNULL = YES;
				CLANG_CXX_LANGUAGE_STANDARD = "gnu++0x";
				CLANG_CXX_LIBRARY = "libc++";
				CLANG_ENABLE_MODULES = YES;
				CLANG_ENABLE_OBJC_ARC = YES;
				CLANG_WARN_BOOL_CONVERSION = YES;
				CLANG_WARN_CONSTANT_CONVERSION = YES;
				CLANG_WARN_DIRECT_OBJC_ISA_USAGE = YES_ERROR;
				CLANG_WARN_EMPTY_BODY = YES;
				CLANG_WARN_ENUM_CONVERSION = YES;
				CLANG_WARN_INT_CONVERSION = YES;
				CLANG_WARN_OBJC_ROOT_CLASS = YES_ERROR;
				CLANG_WARN_UNREACHABLE_CODE = YES;
				CLANG_WARN__DUPLICATE_METHOD_MATCH = YES;
				"CODE_SIGN_IDENTITY[sdk=iphoneos*]" = "iPhone Developer";
				COPY_PHASE_STRIP = NO;
				DEBUG_INFORMATION_FORMAT = "dwarf-with-dsym";
				ENABLE_NS_ASSERTIONS = NO;
				ENABLE_STRICT_OBJC_MSGSEND = YES;
				GCC_C_LANGUAGE_STANDARD = gnu99;
				GCC_NO_COMMON_BLOCKS = YES;
				GCC_WARN_64_TO_32_BIT_CONVERSION = YES;
				GCC_WARN_ABOUT_RETURN_TYPE = YES_ERROR;
				GCC_WARN_UNDECLARED_SELECTOR = YES;
				GCC_WARN_UNINITIALIZED_AUTOS = YES_AGGRESSIVE;
				GCC_WARN_UNUSED_FUNCTION = YES;
				GCC_WARN_UNUSED_VARIABLE = YES;
				IPHONEOS_DEPLOYMENT_TARGET = 9.3;
				MTL_ENABLE_DEBUG_INFO = NO;
				SDKROOT = iphoneos;
				VALIDATE_PRODUCT = YES;
			};
			name = Release;
		};
		D6F759451D409DD0006C4BF4 /* Debug */ = {
			isa = XCBuildConfiguration;
			buildSettings = {
				ASSETCATALOG_COMPILER_APPICON_NAME = AppIcon;
				INFOPLIST_FILE = "OpenGL-ES-02/Info.plist";
				LD_RUNPATH_SEARCH_PATHS = "$(inherited) @executable_path/Frameworks";
				PRODUCT_BUNDLE_IDENTIFIER = "com.apple.OpenGL-ES-02";
				PRODUCT_NAME = "$(TARGET_NAME)";
			};
			name = Debug;
		};
		D6F759461D409DD0006C4BF4 /* Release */ = {
			isa = XCBuildConfiguration;
			buildSettings = {
				ASSETCATALOG_COMPILER_APPICON_NAME = AppIcon;
				INFOPLIST_FILE = "OpenGL-ES-02/Info.plist";
				LD_RUNPATH_SEARCH_PATHS = "$(inherited) @executable_path/Frameworks";
				PRODUCT_BUNDLE_IDENTIFIER = "com.apple.OpenGL-ES-02";
				PRODUCT_NAME = "$(TARGET_NAME)";
			};
			name = Release;
		};
/* End XCBuildConfiguration section */

/* Begin XCConfigurationList section */
		D6F759281D409DCF006C4BF4 /* Build configuration list for PBXProject "OpenGL-ES-02" */ = {
			isa = XCConfigurationList;
			buildConfigurations = (
				D6F759421D409DD0006C4BF4 /* Debug */,
				D6F759431D409DD0006C4BF4 /* Release */,
			);
			defaultConfigurationIsVisible = 0;
			defaultConfigurationName = Release;
		};
		D6F759441D409DD0006C4BF4 /* Build configuration list for PBXNativeTarget "OpenGL-ES-02" */ = {
			isa = XCConfigurationList;
			buildConfigurations = (
				D6F759451D409DD0006C4BF4 /* Debug */,
				D6F759461D409DD0006C4BF4 /* Release */,
			);
			defaultConfigurationIsVisible = 0;
			defaultConfigurationName = Release;
		};
/* End XCConfigurationList section */
	};
	rootObject = D6F759251D409DCF006C4BF4 /* Project object */;
}
