// !$*UTF8*$!
{
	archiveVersion = 1;
	classes = {
	};
	objectVersion = 46;
	objects = {

/* Begin PBXBuildFile section */
		D64950641D41F2CF00BC92DB /* main.m in Sources */ = {isa = PBXBuildFile; fileRef = D64950631D41F2CF00BC92DB /* main.m */; };
		D64950671D41F2CF00BC92DB /* AppDelegate.m in Sources */ = {isa = PBXBuildFile; fileRef = D64950661D41F2CF00BC92DB /* AppDelegate.m */; };
		D649506F1D41F2CF00BC92DB /* Assets.xcassets in Resources */ = {isa = PBXBuildFile; fileRef = D649506E1D41F2CF00BC92DB /* Assets.xcassets */; };
		D64950721D41F2CF00BC92DB /* LaunchScreen.storyboard in Resources */ = {isa = PBXBuildFile; fileRef = D64950701D41F2CF00BC92DB /* LaunchScreen.storyboard */; };
		D649507D1D41F31E00BC92DB /* JCGLKViewController.m in Sources */ = {isa = PBXBuildFile; fileRef = D649507C1D41F31E00BC92DB /* JCGLKViewController.m */; };
		D649507F1D4235CA00BC92DB /* grid.png in Resources */ = {isa = PBXBuildFile; fileRef = D649507E1D4235CA00BC92DB /* grid.png */; };
		D64950821D42399E00BC92DB /* JCGLKVertexAttribArrayBuffer.m in Sources */ = {isa = PBXBuildFile; fileRef = D64950811D42399E00BC92DB /* JCGLKVertexAttribArrayBuffer.m */; };
		D64950851D42481700BC92DB /* GLKEffectPropertyTexture+SettingTexture.m in Sources */ = {isa = PBXBuildFile; fileRef = D64950841D42481700BC92DB /* GLKEffectPropertyTexture+SettingTexture.m */; };
/* End PBXBuildFile section */

/* Begin PBXFileReference section */
		D649505F1D41F2CF00BC92DB /* OpenGL-ES-04.app */ = {isa = PBXFileReference; explicitFileType = wrapper.application; includeInIndex = 0; path = "OpenGL-ES-04.app"; sourceTree = BUILT_PRODUCTS_DIR; };
		D64950631D41F2CF00BC92DB /* main.m */ = {isa = PBXFileReference; lastKnownFileType = sourcecode.c.objc; path = main.m; sourceTree = "<group>"; };
		D64950651D41F2CF00BC92DB /* AppDelegate.h */ = {isa = PBXFileReference; lastKnownFileType = sourcecode.c.h; path = AppDelegate.h; sourceTree = "<group>"; };
		D64950661D41F2CF00BC92DB /* AppDelegate.m */ = {isa = PBXFileReference; lastKnownFileType = sourcecode.c.objc; path = AppDelegate.m; sourceTree = "<group>"; };
		D649506E1D41F2CF00BC92DB /* Assets.xcassets */ = {isa = PBXFileReference; lastKnownFileType = folder.assetcatalog; path = Assets.xcassets; sourceTree = "<group>"; };
		D64950711D41F2CF00BC92DB /* Base */ = {isa = PBXFileReference; lastKnownFileType = file.storyboard; name = Base; path = Base.lproj/LaunchScreen.storyboard; sourceTree = "<group>"; };
		D64950731D41F2CF00BC92DB /* Info.plist */ = {isa = PBXFileReference; lastKnownFileType = text.plist.xml; path = Info.plist; sourceTree = "<group>"; };
		D649507B1D41F31E00BC92DB /* JCGLKViewController.h */ = {isa = PBXFileReference; fileEncoding = 4; lastKnownFileType = sourcecode.c.h; path = JCGLKViewController.h; sourceTree = "<group>"; };
		D649507C1D41F31E00BC92DB /* JCGLKViewController.m */ = {isa = PBXFileReference; fileEncoding = 4; lastKnownFileType = sourcecode.c.objc; path = JCGLKViewController.m; sourceTree = "<group>"; };
		D649507E1D4235CA00BC92DB /* grid.png */ = {isa = PBXFileReference; lastKnownFileType = image.png; path = grid.png; sourceTree = "<group>"; };
		D64950801D42399E00BC92DB /* JCGLKVertexAttribArrayBuffer.h */ = {isa = PBXFileReference; fileEncoding = 4; lastKnownFileType = sourcecode.c.h; path = JCGLKVertexAttribArrayBuffer.h; sourceTree = "<group>"; };
		D64950811D42399E00BC92DB /* JCGLKVertexAttribArrayBuffer.m */ = {isa = PBXFileReference; fileEncoding = 4; lastKnownFileType = sourcecode.c.objc; path = JCGLKVertexAttribArrayBuffer.m; sourceTree = "<group>"; };
		D64950831D42481700BC92DB /* GLKEffectPropertyTexture+SettingTexture.h */ = {isa = PBXFileReference; fileEncoding = 4; lastKnownFileType = sourcecode.c.h; path = "GLKEffectPropertyTexture+SettingTexture.h"; sourceTree = "<group>"; };
		D64950841D42481700BC92DB /* GLKEffectPropertyTexture+SettingTexture.m */ = {isa = PBXFileReference; fileEncoding = 4; lastKnownFileType = sourcecode.c.objc; path = "GLKEffectPropertyTexture+SettingTexture.m"; sourceTree = "<group>"; };
/* End PBXFileReference section */

/* Begin PBXFrameworksBuildPhase section */
		D649505C1D41F2CF00BC92DB /* Frameworks */ = {
			isa = PBXFrameworksBuildPhase;
			buildActionMask = 2147483647;
			files = (
			);
			runOnlyForDeploymentPostprocessing = 0;
		};
/* End PBXFrameworksBuildPhase section */

/* Begin PBXGroup section */
		D64950561D41F2CF00BC92DB = {
			isa = PBXGroup;
			children = (
				D64950611D41F2CF00BC92DB /* OpenGL-ES-04 */,
				D64950601D41F2CF00BC92DB /* Products */,
			);
			sourceTree = "<group>";
		};
		D64950601D41F2CF00BC92DB /* Products */ = {
			isa = PBXGroup;
			children = (
				D649505F1D41F2CF00BC92DB /* OpenGL-ES-04.app */,
			);
			name = Products;
			sourceTree = "<group>";
		};
		D64950611D41F2CF00BC92DB /* OpenGL-ES-04 */ = {
			isa = PBXGroup;
			children = (
				D64950791D41F2F300BC92DB /* Application */,
				D649507A1D41F2FE00BC92DB /* Class */,
				D64950621D41F2CF00BC92DB /* Supporting Files */,
			);
			path = "OpenGL-ES-04";
			sourceTree = "<group>";
		};
		D64950621D41F2CF00BC92DB /* Supporting Files */ = {
			isa = PBXGroup;
			children = (
				D649507E1D4235CA00BC92DB /* grid.png */,
				D649506E1D41F2CF00BC92DB /* Assets.xcassets */,
				D64950701D41F2CF00BC92DB /* LaunchScreen.storyboard */,
				D64950731D41F2CF00BC92DB /* Info.plist */,
			);
			name = "Supporting Files";
			sourceTree = "<group>";
		};
		D64950791D41F2F300BC92DB /* Application */ = {
			isa = PBXGroup;
			children = (
				D64950651D41F2CF00BC92DB /* AppDelegate.h */,
				D64950661D41F2CF00BC92DB /* AppDelegate.m */,
				D64950631D41F2CF00BC92DB /* main.m */,
			);
			name = Application;
			sourceTree = "<group>";
		};
		D649507A1D41F2FE00BC92DB /* Class */ = {
			isa = PBXGroup;
			children = (
				D649507B1D41F31E00BC92DB /* JCGLKViewController.h */,
				D649507C1D41F31E00BC92DB /* JCGLKViewController.m */,
				D64950801D42399E00BC92DB /* JCGLKVertexAttribArrayBuffer.h */,
				D64950811D42399E00BC92DB /* JCGLKVertexAttribArrayBuffer.m */,
				D64950831D42481700BC92DB /* GLKEffectPropertyTexture+SettingTexture.h */,
				D64950841D42481700BC92DB /* GLKEffectPropertyTexture+SettingTexture.m */,
			);
			name = Class;
			sourceTree = "<group>";
		};
/* End PBXGroup section */

/* Begin PBXNativeTarget section */
		D649505E1D41F2CF00BC92DB /* OpenGL-ES-04 */ = {
			isa = PBXNativeTarget;
			buildConfigurationList = D64950761D41F2CF00BC92DB /* Build configuration list for PBXNativeTarget "OpenGL-ES-04" */;
			buildPhases = (
				D649505B1D41F2CF00BC92DB /* Sources */,
				D649505C1D41F2CF00BC92DB /* Frameworks */,
				D649505D1D41F2CF00BC92DB /* Resources */,
			);
			buildRules = (
			);
			dependencies = (
			);
			name = "OpenGL-ES-04";
			productName = "OpenGL-ES-04";
			productReference = D649505F1D41F2CF00BC92DB /* OpenGL-ES-04.app */;
			productType = "com.apple.product-type.application";
		};
/* End PBXNativeTarget section */

/* Begin PBXProject section */
		D64950571D41F2CF00BC92DB /* Project object */ = {
			isa = PBXProject;
			attributes = {
				LastUpgradeCheck = 0730;
				ORGANIZATIONNAME = "JC‘Chan";
				TargetAttributes = {
					D649505E1D41F2CF00BC92DB = {
						CreatedOnToolsVersion = 7.3.1;
					};
				};
			};
			buildConfigurationList = D649505A1D41F2CF00BC92DB /* Build configuration list for PBXProject "OpenGL-ES-04" */;
			compatibilityVersion = "Xcode 3.2";
			developmentRegion = English;
			hasScannedForEncodings = 0;
			knownRegions = (
				en,
				Base,
			);
			mainGroup = D64950561D41F2CF00BC92DB;
			productRefGroup = D64950601D41F2CF00BC92DB /* Products */;
			projectDirPath = "";
			projectRoot = "";
			targets = (
				D649505E1D41F2CF00BC92DB /* OpenGL-ES-04 */,
			);
		};
/* End PBXProject section */

/* Begin PBXResourcesBuildPhase section */
		D649505D1D41F2CF00BC92DB /* Resources */ = {
			isa = PBXResourcesBuildPhase;
			buildActionMask = 2147483647;
			files = (
				D64950721D41F2CF00BC92DB /* LaunchScreen.storyboard in Resources */,
				D649506F1D41F2CF00BC92DB /* Assets.xcassets in Resources */,
				D649507F1D4235CA00BC92DB /* grid.png in Resources */,
			);
			runOnlyForDeploymentPostprocessing = 0;
		};
/* End PBXResourcesBuildPhase section */

/* Begin PBXSourcesBuildPhase section */
		D649505B1D41F2CF00BC92DB /* Sources */ = {
			isa = PBXSourcesBuildPhase;
			buildActionMask = 2147483647;
			files = (
				D64950671D41F2CF00BC92DB /* AppDelegate.m in Sources */,
				D64950821D42399E00BC92DB /* JCGLKVertexAttribArrayBuffer.m in Sources */,
				D649507D1D41F31E00BC92DB /* JCGLKViewController.m in Sources */,
				D64950641D41F2CF00BC92DB /* main.m in Sources */,
				D64950851D42481700BC92DB /* GLKEffectPropertyTexture+SettingTexture.m in Sources */,
			);
			runOnlyForDeploymentPostprocessing = 0;
		};
/* End PBXSourcesBuildPhase section */

/* Begin PBXVariantGroup section */
		D64950701D41F2CF00BC92DB /* LaunchScreen.storyboard */ = {
			isa = PBXVariantGroup;
			children = (
				D64950711D41F2CF00BC92DB /* Base */,
			);
			name = LaunchScreen.storyboard;
			sourceTree = "<group>";
		};
/* End PBXVariantGroup section */

/* Begin XCBuildConfiguration section */
		D64950741D41F2CF00BC92DB /* Debug */ = {
			isa = XCBuildConfiguration;
			buildSettings = {
				ALWAYS_SEARCH_USER_PATHS = NO;
				CLANG_ANALYZER_NONNULL = YES;
				CLANG_CXX_LANGUAGE_STANDARD = "gnu++0x";
				CLANG_CXX_LIBRARY = "libc++";
				CLANG_ENABLE_MODULES = YES;
				CLANG_ENABLE_OBJC_ARC = YES;
				CLANG_WARN_BOOL_CONVERSION = YES;
				CLANG_WARN_CONSTANT_CONVERSION = YES;
				CLANG_WARN_DIRECT_OBJC_ISA_USAGE = YES_ERROR;
				CLANG_WARN_EMPTY_BODY = YES;
				CLANG_WARN_ENUM_CONVERSION = YES;
				CLANG_WARN_INT_CONVERSION = YES;
				CLANG_WARN_OBJC_ROOT_CLASS = YES_ERROR;
				CLANG_WARN_UNREACHABLE_CODE = YES;
				CLANG_WARN__DUPLICATE_METHOD_MATCH = YES;
				"CODE_SIGN_IDENTITY[sdk=iphoneos*]" = "iPhone Developer";
				COPY_PHASE_STRIP = NO;
				DEBUG_INFORMATION_FORMAT = dwarf;
				ENABLE_STRICT_OBJC_MSGSEND = YES;
				ENABLE_TESTABILITY = YES;
				GCC_C_LANGUAGE_STANDARD = gnu99;
				GCC_DYNAMIC_NO_PIC = NO;
				GCC_NO_COMMON_BLOCKS = YES;
				GCC_OPTIMIZATION_LEVEL = 0;
				GCC_PREPROCESSOR_DEFINITIONS = (
					"DEBUG=1",
					"$(inherited)",
				);
				GCC_WARN_64_TO_32_BIT_CONVERSION = YES;
				GCC_WARN_ABOUT_RETURN_TYPE = YES_ERROR;
				GCC_WARN_UNDECLARED_SELECTOR = YES;
				GCC_WARN_UNINITIALIZED_AUTOS = YES_AGGRESSIVE;
				GCC_WARN_UNUSED_FUNCTION = YES;
				GCC_WARN_UNUSED_VARIABLE = YES;
				IPHONEOS_DEPLOYMENT_TARGET = 9.3;
				MTL_ENABLE_DEBUG_INFO = YES;
				ONLY_ACTIVE_ARCH = YES;
				SDKROOT = iphoneos;
			};
			name = Debug;
		};
		D64950751D41F2CF00BC92DB /* Release */ = {
			isa = XCBuildConfiguration;
			buildSettings = {
				ALWAYS_SEARCH_USER_PATHS = NO;
				CLANG_ANALYZER_NONNULL = YES;
				CLANG_CXX_LANGUAGE_STANDARD = "gnu++0x";
				CLANG_CXX_LIBRARY = "libc++";
				CLANG_ENABLE_MODULES = YES;
				CLANG_ENABLE_OBJC_ARC = YES;
				CLANG_WARN_BOOL_CONVERSION = YES;
				CLANG_WARN_CONSTANT_CONVERSION = YES;
				CLANG_WARN_DIRECT_OBJC_ISA_USAGE = YES_ERROR;
				CLANG_WARN_EMPTY_BODY = YES;
				CLANG_WARN_ENUM_CONVERSION = YES;
				CLANG_WARN_INT_CONVERSION = YES;
				CLANG_WARN_OBJC_ROOT_CLASS = YES_ERROR;
				CLANG_WARN_UNREACHABLE_CODE = YES;
				CLANG_WARN__DUPLICATE_METHOD_MATCH = YES;
				"CODE_SIGN_IDENTITY[sdk=iphoneos*]" = "iPhone Developer";
				COPY_PHASE_STRIP = NO;
				DEBUG_INFORMATION_FORMAT = "dwarf-with-dsym";
				ENABLE_NS_ASSERTIONS = NO;
				ENABLE_STRICT_OBJC_MSGSEND = YES;
				GCC_C_LANGUAGE_STANDARD = gnu99;
				GCC_NO_COMMON_BLOCKS = YES;
				GCC_WARN_64_TO_32_BIT_CONVERSION = YES;
				GCC_WARN_ABOUT_RETURN_TYPE = YES_ERROR;
				GCC_WARN_UNDECLARED_SELECTOR = YES;
				GCC_WARN_UNINITIALIZED_AUTOS = YES_AGGRESSIVE;
				GCC_WARN_UNUSED_FUNCTION = YES;
				GCC_WARN_UNUSED_VARIABLE = YES;
				IPHONEOS_DEPLOYMENT_TARGET = 9.3;
				MTL_ENABLE_DEBUG_INFO = NO;
				SDKROOT = iphoneos;
				VALIDATE_PRODUCT = YES;
			};
			name = Release;
		};
		D64950771D41F2CF00BC92DB /* Debug */ = {
			isa = XCBuildConfiguration;
			buildSettings = {
				ASSETCATALOG_COMPILER_APPICON_NAME = AppIcon;
				CODE_SIGN_IDENTITY = "iPhone Developer: Shaoxian Hong (46W473C9J9)";
				INFOPLIST_FILE = "OpenGL-ES-04/Info.plist";
				LD_RUNPATH_SEARCH_PATHS = "$(inherited) @executable_path/Frameworks";
				PRODUCT_BUNDLE_IDENTIFIER = "com.apple.OpenGL-ES-04";
				PRODUCT_NAME = "$(TARGET_NAME)";
			};
			name = Debug;
		};
		D64950781D41F2CF00BC92DB /* Release */ = {
			isa = XCBuildConfiguration;
			buildSettings = {
				ASSETCATALOG_COMPILER_APPICON_NAME = AppIcon;
				CODE_SIGN_IDENTITY = "iPhone Developer: Shaoxian Hong (46W473C9J9)";
				INFOPLIST_FILE = "OpenGL-ES-04/Info.plist";
				LD_RUNPATH_SEARCH_PATHS = "$(inherited) @executable_path/Frameworks";
				PRODUCT_BUNDLE_IDENTIFIER = "com.apple.OpenGL-ES-04";
				PRODUCT_NAME = "$(TARGET_NAME)";
			};
			name = Release;
		};
/* End XCBuildConfiguration section */

/* Begin XCConfigurationList section */
		D649505A1D41F2CF00BC92DB /* Build configuration list for PBXProject "OpenGL-ES-04" */ = {
			isa = XCConfigurationList;
			buildConfigurations = (
				D64950741D41F2CF00BC92DB /* Debug */,
				D64950751D41F2CF00BC92DB /* Release */,
			);
			defaultConfigurationIsVisible = 0;
			defaultConfigurationName = Release;
		};
		D64950761D41F2CF00BC92DB /* Build configuration list for PBXNativeTarget "OpenGL-ES-04" */ = {
			isa = XCConfigurationList;
			buildConfigurations = (
				D64950771D41F2CF00BC92DB /* Debug */,
				D64950781D41F2CF00BC92DB /* Release */,
			);
			defaultConfigurationIsVisible = 0;
		};
/* End XCConfigurationList section */
	};
	rootObject = D64950571D41F2CF00BC92DB /* Project object */;
}
