// !$*UTF8*$!
{
	archiveVersion = 1;
	classes = {
	};
	objectVersion = 46;
	objects = {

/* Begin PBXBuildFile section */
		D649500C1D40FCA700BC92DB /* main.m in Sources */ = {isa = PBXBuildFile; fileRef = D649500B1D40FCA700BC92DB /* main.m */; };
		D649500F1D40FCA700BC92DB /* AppDelegate.m in Sources */ = {isa = PBXBuildFile; fileRef = D649500E1D40FCA700BC92DB /* AppDelegate.m */; };
		D64950171D40FCA700BC92DB /* Assets.xcassets in Resources */ = {isa = PBXBuildFile; fileRef = D64950161D40FCA700BC92DB /* Assets.xcassets */; };
		D649501A1D40FCA700BC92DB /* LaunchScreen.storyboard in Resources */ = {isa = PBXBuildFile; fileRef = D64950181D40FCA700BC92DB /* LaunchScreen.storyboard */; };
		D64950221D40FD2600BC92DB /* leaves.gif in Resources */ = {isa = PBXBuildFile; fileRef = D64950211D40FD2600BC92DB /* leaves.gif */; };
		D64950271D40FD5800BC92DB /* JCGLKViewController.m in Sources */ = {isa = PBXBuildFile; fileRef = D64950261D40FD5800BC92DB /* JCGLKViewController.m */; };
		D649502D1D4116F300BC92DB /* JCGLKVertexAttribArrayBuffer.m in Sources */ = {isa = PBXBuildFile; fileRef = D649502C1D4116F300BC92DB /* JCGLKVertexAttribArrayBuffer.m */; };
/* End PBXBuildFile section */

/* Begin PBXFileReference section */
		D64950071D40FCA700BC92DB /* OpenGL-ES-03.app */ = {isa = PBXFileReference; explicitFileType = wrapper.application; includeInIndex = 0; path = "OpenGL-ES-03.app"; sourceTree = BUILT_PRODUCTS_DIR; };
		D649500B1D40FCA700BC92DB /* main.m */ = {isa = PBXFileReference; lastKnownFileType = sourcecode.c.objc; path = main.m; sourceTree = "<group>"; };
		D649500D1D40FCA700BC92DB /* AppDelegate.h */ = {isa = PBXFileReference; lastKnownFileType = sourcecode.c.h; path = AppDelegate.h; sourceTree = "<group>"; };
		D649500E1D40FCA700BC92DB /* AppDelegate.m */ = {isa = PBXFileReference; lastKnownFileType = sourcecode.c.objc; path = AppDelegate.m; sourceTree = "<group>"; };
		D64950161D40FCA700BC92DB /* Assets.xcassets */ = {isa = PBXFileReference; lastKnownFileType = folder.assetcatalog; path = Assets.xcassets; sourceTree = "<group>"; };
		D64950191D40FCA700BC92DB /* Base */ = {isa = PBXFileReference; lastKnownFileType = file.storyboard; name = Base; path = Base.lproj/LaunchScreen.storyboard; sourceTree = "<group>"; };
		D649501B1D40FCA700BC92DB /* Info.plist */ = {isa = PBXFileReference; lastKnownFileType = text.plist.xml; path = Info.plist; sourceTree = "<group>"; };
		D64950211D40FD2600BC92DB /* leaves.gif */ = {isa = PBXFileReference; lastKnownFileType = image.gif; path = leaves.gif; sourceTree = "<group>"; };
		D64950251D40FD5800BC92DB /* JCGLKViewController.h */ = {isa = PBXFileReference; fileEncoding = 4; lastKnownFileType = sourcecode.c.h; path = JCGLKViewController.h; sourceTree = "<group>"; };
		D64950261D40FD5800BC92DB /* JCGLKViewController.m */ = {isa = PBXFileReference; fileEncoding = 4; lastKnownFileType = sourcecode.c.objc; path = JCGLKViewController.m; sourceTree = "<group>"; };
		D649502B1D4116F300BC92DB /* JCGLKVertexAttribArrayBuffer.h */ = {isa = PBXFileReference; fileEncoding = 4; lastKnownFileType = sourcecode.c.h; path = JCGLKVertexAttribArrayBuffer.h; sourceTree = "<group>"; };
		D649502C1D4116F300BC92DB /* JCGLKVertexAttribArrayBuffer.m */ = {isa = PBXFileReference; fileEncoding = 4; lastKnownFileType = sourcecode.c.objc; path = JCGLKVertexAttribArrayBuffer.m; sourceTree = "<group>"; };
/* End PBXFileReference section */

/* Begin PBXFrameworksBuildPhase section */
		D64950041D40FCA700BC92DB /* Frameworks */ = {
			isa = PBXFrameworksBuildPhase;
			buildActionMask = 2147483647;
			files = (
			);
			runOnlyForDeploymentPostprocessing = 0;
		};
/* End PBXFrameworksBuildPhase section */

/* Begin PBXGroup section */
		D6494FFE1D40FCA700BC92DB = {
			isa = PBXGroup;
			children = (
				D64950091D40FCA700BC92DB /* OpenGL-ES-03 */,
				D64950081D40FCA700BC92DB /* Products */,
			);
			sourceTree = "<group>";
		};
		D64950081D40FCA700BC92DB /* Products */ = {
			isa = PBXGroup;
			children = (
				D64950071D40FCA700BC92DB /* OpenGL-ES-03.app */,
			);
			name = Products;
			sourceTree = "<group>";
		};
		D64950091D40FCA700BC92DB /* OpenGL-ES-03 */ = {
			isa = PBXGroup;
			children = (
				D64950231D40FD2A00BC92DB /* Application */,
				D64950241D40FD3B00BC92DB /* Class */,
				D649500A1D40FCA700BC92DB /* Supporting Files */,
			);
			path = "OpenGL-ES-03";
			sourceTree = "<group>";
		};
		D649500A1D40FCA700BC92DB /* Supporting Files */ = {
			isa = PBXGroup;
			children = (
				D64950161D40FCA700BC92DB /* Assets.xcassets */,
				D64950181D40FCA700BC92DB /* LaunchScreen.storyboard */,
				D649501B1D40FCA700BC92DB /* Info.plist */,
				D64950211D40FD2600BC92DB /* leaves.gif */,
			);
			name = "Supporting Files";
			sourceTree = "<group>";
		};
		D64950231D40FD2A00BC92DB /* Application */ = {
			isa = PBXGroup;
			children = (
				D649500B1D40FCA700BC92DB /* main.m */,
				D649500D1D40FCA700BC92DB /* AppDelegate.h */,
				D649500E1D40FCA700BC92DB /* AppDelegate.m */,
			);
			name = Application;
			sourceTree = "<group>";
		};
		D64950241D40FD3B00BC92DB /* Class */ = {
			isa = PBXGroup;
			children = (
				D649502B1D4116F300BC92DB /* JCGLKVertexAttribArrayBuffer.h */,
				D649502C1D4116F300BC92DB /* JCGLKVertexAttribArrayBuffer.m */,
				D64950251D40FD5800BC92DB /* JCGLKViewController.h */,
				D64950261D40FD5800BC92DB /* JCGLKViewController.m */,
			);
			name = Class;
			sourceTree = "<group>";
		};
/* End PBXGroup section */

/* Begin PBXNativeTarget section */
		D64950061D40FCA700BC92DB /* OpenGL-ES-03 */ = {
			isa = PBXNativeTarget;
			buildConfigurationList = D649501E1D40FCA700BC92DB /* Build configuration list for PBXNativeTarget "OpenGL-ES-03" */;
			buildPhases = (
				D64950031D40FCA700BC92DB /* Sources */,
				D64950041D40FCA700BC92DB /* Frameworks */,
				D64950051D40FCA700BC92DB /* Resources */,
			);
			buildRules = (
			);
			dependencies = (
			);
			name = "OpenGL-ES-03";
			productName = "OpenGL-ES-03";
			productReference = D64950071D40FCA700BC92DB /* OpenGL-ES-03.app */;
			productType = "com.apple.product-type.application";
		};
/* End PBXNativeTarget section */

/* Begin PBXProject section */
		D6494FFF1D40FCA700BC92DB /* Project object */ = {
			isa = PBXProject;
			attributes = {
				CLASSPREFIX = JC;
				LastUpgradeCheck = 0730;
				ORGANIZATIONNAME = "JC‘Chan";
				TargetAttributes = {
					D64950061D40FCA700BC92DB = {
						CreatedOnToolsVersion = 7.3.1;
					};
				};
			};
			buildConfigurationList = D64950021D40FCA700BC92DB /* Build configuration list for PBXProject "OpenGL-ES-03" */;
			compatibilityVersion = "Xcode 3.2";
			developmentRegion = English;
			hasScannedForEncodings = 0;
			knownRegions = (
				en,
				Base,
			);
			mainGroup = D6494FFE1D40FCA700BC92DB;
			productRefGroup = D64950081D40FCA700BC92DB /* Products */;
			projectDirPath = "";
			projectRoot = "";
			targets = (
				D64950061D40FCA700BC92DB /* OpenGL-ES-03 */,
			);
		};
/* End PBXProject section */

/* Begin PBXResourcesBuildPhase section */
		D64950051D40FCA700BC92DB /* Resources */ = {
			isa = PBXResourcesBuildPhase;
			buildActionMask = 2147483647;
			files = (
				D64950221D40FD2600BC92DB /* leaves.gif in Resources */,
				D649501A1D40FCA700BC92DB /* LaunchScreen.storyboard in Resources */,
				D64950171D40FCA700BC92DB /* Assets.xcassets in Resources */,
			);
			runOnlyForDeploymentPostprocessing = 0;
		};
/* End PBXResourcesBuildPhase section */

/* Begin PBXSourcesBuildPhase section */
		D64950031D40FCA700BC92DB /* Sources */ = {
			isa = PBXSourcesBuildPhase;
			buildActionMask = 2147483647;
			files = (
				D649500F1D40FCA700BC92DB /* AppDelegate.m in Sources */,
				D649502D1D4116F300BC92DB /* JCGLKVertexAttribArrayBuffer.m in Sources */,
				D64950271D40FD5800BC92DB /* JCGLKViewController.m in Sources */,
				D649500C1D40FCA700BC92DB /* main.m in Sources */,
			);
			runOnlyForDeploymentPostprocessing = 0;
		};
/* End PBXSourcesBuildPhase section */

/* Begin PBXVariantGroup section */
		D64950181D40FCA700BC92DB /* LaunchScreen.storyboard */ = {
			isa = PBXVariantGroup;
			children = (
				D64950191D40FCA700BC92DB /* Base */,
			);
			name = LaunchScreen.storyboard;
			sourceTree = "<group>";
		};
/* End PBXVariantGroup section */

/* Begin XCBuildConfiguration section */
		D649501C1D40FCA700BC92DB /* Debug */ = {
			isa = XCBuildConfiguration;
			buildSettings = {
				ALWAYS_SEARCH_USER_PATHS = NO;
				CLANG_ANALYZER_NONNULL = YES;
				CLANG_CXX_LANGUAGE_STANDARD = "gnu++0x";
				CLANG_CXX_LIBRARY = "libc++";
				CLANG_ENABLE_MODULES = YES;
				CLANG_ENABLE_OBJC_ARC = YES;
				CLANG_WARN_BOOL_CONVERSION = YES;
				CLANG_WARN_CONSTANT_CONVERSION = YES;
				CLANG_WARN_DIRECT_OBJC_ISA_USAGE = YES_ERROR;
				CLANG_WARN_EMPTY_BODY = YES;
				CLANG_WARN_ENUM_CONVERSION = YES;
				CLANG_WARN_INT_CONVERSION = YES;
				CLANG_WARN_OBJC_ROOT_CLASS = YES_ERROR;
				CLANG_WARN_UNREACHABLE_CODE = YES;
				CLANG_WARN__DUPLICATE_METHOD_MATCH = YES;
				"CODE_SIGN_IDENTITY[sdk=iphoneos*]" = "iPhone Developer";
				COPY_PHASE_STRIP = NO;
				DEBUG_INFORMATION_FORMAT = dwarf;
				ENABLE_STRICT_OBJC_MSGSEND = YES;
				ENABLE_TESTABILITY = YES;
				GCC_C_LANGUAGE_STANDARD = gnu99;
				GCC_DYNAMIC_NO_PIC = NO;
				GCC_NO_COMMON_BLOCKS = YES;
				GCC_OPTIMIZATION_LEVEL = 0;
				GCC_PREPROCESSOR_DEFINITIONS = (
					"DEBUG=1",
					"$(inherited)",
				);
				GCC_WARN_64_TO_32_BIT_CONVERSION = YES;
				GCC_WARN_ABOUT_RETURN_TYPE = YES_ERROR;
				GCC_WARN_UNDECLARED_SELECTOR = YES;
				GCC_WARN_UNINITIALIZED_AUTOS = YES_AGGRESSIVE;
				GCC_WARN_UNUSED_FUNCTION = YES;
				GCC_WARN_UNUSED_VARIABLE = YES;
				IPHONEOS_DEPLOYMENT_TARGET = 9.3;
				MTL_ENABLE_DEBUG_INFO = YES;
				ONLY_ACTIVE_ARCH = YES;
				SDKROOT = iphoneos;
			};
			name = Debug;
		};
		D649501D1D40FCA700BC92DB /* Release */ = {
			isa = XCBuildConfiguration;
			buildSettings = {
				ALWAYS_SEARCH_USER_PATHS = NO;
				CLANG_ANALYZER_NONNULL = YES;
				CLANG_CXX_LANGUAGE_STANDARD = "gnu++0x";
				CLANG_CXX_LIBRARY = "libc++";
				CLANG_ENABLE_MODULES = YES;
				CLANG_ENABLE_OBJC_ARC = YES;
				CLANG_WARN_BOOL_CONVERSION = YES;
				CLANG_WARN_CONSTANT_CONVERSION = YES;
				CLANG_WARN_DIRECT_OBJC_ISA_USAGE = YES_ERROR;
				CLANG_WARN_EMPTY_BODY = YES;
				CLANG_WARN_ENUM_CONVERSION = YES;
				CLANG_WARN_INT_CONVERSION = YES;
				CLANG_WARN_OBJC_ROOT_CLASS = YES_ERROR;
				CLANG_WARN_UNREACHABLE_CODE = YES;
				CLANG_WARN__DUPLICATE_METHOD_MATCH = YES;
				"CODE_SIGN_IDENTITY[sdk=iphoneos*]" = "iPhone Developer";
				COPY_PHASE_STRIP = NO;
				DEBUG_INFORMATION_FORMAT = "dwarf-with-dsym";
				ENABLE_NS_ASSERTIONS = NO;
				ENABLE_STRICT_OBJC_MSGSEND = YES;
				GCC_C_LANGUAGE_STANDARD = gnu99;
				GCC_NO_COMMON_BLOCKS = YES;
				GCC_WARN_64_TO_32_BIT_CONVERSION = YES;
				GCC_WARN_ABOUT_RETURN_TYPE = YES_ERROR;
				GCC_WARN_UNDECLARED_SELECTOR = YES;
				GCC_WARN_UNINITIALIZED_AUTOS = YES_AGGRESSIVE;
				GCC_WARN_UNUSED_FUNCTION = YES;
				GCC_WARN_UNUSED_VARIABLE = YES;
				IPHONEOS_DEPLOYMENT_TARGET = 9.3;
				MTL_ENABLE_DEBUG_INFO = NO;
				SDKROOT = iphoneos;
				VALIDATE_PRODUCT = YES;
			};
			name = Release;
		};
		D649501F1D40FCA700BC92DB /* Debug */ = {
			isa = XCBuildConfiguration;
			buildSettings = {
				ASSETCATALOG_COMPILER_APPICON_NAME = AppIcon;
				CODE_SIGN_IDENTITY = "iPhone Developer";
				INFOPLIST_FILE = "OpenGL-ES-03/Info.plist";
				IPHONEOS_DEPLOYMENT_TARGET = 9.0;
				LD_RUNPATH_SEARCH_PATHS = "$(inherited) @executable_path/Frameworks";
				PRODUCT_BUNDLE_IDENTIFIER = "com.apple.OpenGL-ES-03";
				PRODUCT_NAME = "$(TARGET_NAME)";
			};
			name = Debug;
		};
		D64950201D40FCA700BC92DB /* Release */ = {
			isa = XCBuildConfiguration;
			buildSettings = {
				ASSETCATALOG_COMPILER_APPICON_NAME = AppIcon;
				CODE_SIGN_IDENTITY = "iPhone Developer";
				INFOPLIST_FILE = "OpenGL-ES-03/Info.plist";
				IPHONEOS_DEPLOYMENT_TARGET = 9.0;
				LD_RUNPATH_SEARCH_PATHS = "$(inherited) @executable_path/Frameworks";
				PRODUCT_BUNDLE_IDENTIFIER = "com.apple.OpenGL-ES-03";
				PRODUCT_NAME = "$(TARGET_NAME)";
			};
			name = Release;
		};
/* End XCBuildConfiguration section */

/* Begin XCConfigurationList section */
		D64950021D40FCA700BC92DB /* Build configuration list for PBXProject "OpenGL-ES-03" */ = {
			isa = XCConfigurationList;
			buildConfigurations = (
				D649501C1D40FCA700BC92DB /* Debug */,
				D649501D1D40FCA700BC92DB /* Release */,
			);
			defaultConfigurationIsVisible = 0;
			defaultConfigurationName = Release;
		};
		D649501E1D40FCA700BC92DB /* Build configuration list for PBXNativeTarget "OpenGL-ES-03" */ = {
			isa = XCConfigurationList;
			buildConfigurations = (
				D649501F1D40FCA700BC92DB /* Debug */,
				D64950201D40FCA700BC92DB /* Release */,
			);
			defaultConfigurationIsVisible = 0;
			defaultConfigurationName = Release;
		};
/* End XCConfigurationList section */
	};
	rootObject = D6494FFF1D40FCA700BC92DB /* Project object */;
}
